
Microsoft Visual Studio Solution File, Format Version 12.00
# Visual Studio Version 17
VisualStudioVersion = 17.0.32112.339
MinimumVisualStudioVersion = 10.0.40219.1
Project("{9A19103F-16F7-4668-BE54-9A1E7A4F7556}") = "Api", "Api\Api.csproj", "{CAD2E500-1DF0-4682-B755-925486F14E65}"
EndProject
Project("{FAE04EC0-301F-11D3-BF4B-00C04F79EFBC}") = "ApiTests", "ApiTests\ApiTests.csproj", "{84433249-85FC-45EC-90FA-2F7CFF28E9DD}"
EndProject
Global
	GlobalSection(SolutionConfigurationPlatforms) = preSolution
		Debug|Any CPU = Debug|Any CPU
		Release|Any CPU = Release|Any CPU
	EndGlobalSection
	GlobalSection(ProjectConfigurationPlatforms) = postSolution
		{CAD2E500-1DF0-4682-B755-925486F14E65}.Debug|Any CPU.ActiveCfg = Debug|Any CPU
		{CAD2E500-1DF0-4682-B755-925486F14E65}.Debug|Any CPU.Build.0 = Debug|Any CPU
		{CAD2E500-1DF0-4682-B755-925486F14E65}.Release|Any CPU.ActiveCfg = Release|Any CPU
		{CAD2E500-1DF0-4682-B755-925486F14E65}.Release|Any CPU.Build.0 = Release|Any CPU
		{84433249-85FC-45EC-90FA-2F7CFF28E9DD}.Debug|Any CPU.ActiveCfg = Debug|Any CPU
		{84433249-85FC-45EC-90FA-2F7CFF28E9DD}.Debug|Any CPU.Build.0 = Debug|Any CPU
		{84433249-85FC-45EC-90FA-2F7CFF28E9DD}.Release|Any CPU.ActiveCfg = Release|Any CPU
		{84433249-85FC-45EC-90FA-2F7CFF28E9DD}.Release|Any CPU.Build.0 = Release|Any CPU
	EndGlobalSection
	GlobalSection(SolutionProperties) = preSolution
		HideSolutionNode = FALSE
	EndGlobalSection
	GlobalSection(ExtensibilityGlobals) = postSolution
		SolutionGuid = {5FEAFCC8-553C-4313-A3FB-C2ADFC2B0A90}
	EndGlobalSection
EndGlobal
